
Microsoft Visual Studio Solution File, Format Version 12.00
# Visual Studio Version 16
VisualStudioVersion = 16.0.30611.23
MinimumVisualStudioVersion = 10.0.40219.1
Project("{FAE04EC0-301F-11D3-BF4B-00C04F79EFBC}") = "WindowsFormsApp1", "WindowsFormsApp1\WindowsFormsApp1.csproj", "{9602F686-4B41-48BB-9FA1-FCF0E8B95081}"
EndProject
Global
	GlobalSection(SolutionConfigurationPlatforms) = preSolution
		Debug|Any CPU = Debug|Any CPU
		Release|Any CPU = Release|Any CPU
	EndGlobalSection
	GlobalSection(ProjectConfigurationPlatforms) = postSolution
		{9602F686-4B41-48BB-9FA1-FCF0E8B95081}.Debug|Any CPU.ActiveCfg = Debug|Any CPU
		{9602F686-4B41-48BB-9FA1-FCF0E8B95081}.Debug|Any CPU.Build.0 = Debug|Any CPU
		{9602F686-4B41-48BB-9FA1-FCF0E8B95081}.Release|Any CPU.ActiveCfg = Release|Any CPU
		{9602F686-4B41-48BB-9FA1-FCF0E8B95081}.Release|Any CPU.Build.0 = Release|Any CPU
	EndGlobalSection
	GlobalSection(SolutionProperties) = preSolution
		HideSolutionNode = FALSE
	EndGlobalSection
	GlobalSection(ExtensibilityGlobals) = postSolution
		SolutionGuid = {6390C910-7F38-42D4-BBB2-6ABE4F1DFD56}
	EndGlobalSection
EndGlobal
